
Microsoft Visual Studio Solution File, Format Version 12.00
# Visual Studio Version 16
VisualStudioVersion = 16.0.30711.63
MinimumVisualStudioVersion = 10.0.40219.1
Project("{9A19103F-16F7-4668-BE54-9A1E7A4F7556}") = "AdventOfCode.App", "AdventOfCode.App\AdventOfCode.App.csproj", "{B6A3B439-C39C-48C1-9457-16436A8A37A3}"
EndProject
Project("{FAE04EC0-301F-11D3-BF4B-00C04F79EFBC}") = "AdventOfCode.Common", "AdventOfCode.Common\AdventOfCode.Common.csproj", "{65CB6A9C-DCFF-4064-BD33-38290DADA980}"
EndProject
Project("{2150E333-8FDC-42A3-9474-1A3956D46DE8}") = "Proposed Solution", "Proposed Solution", "{1D18D5E9-818D-4087-95AC-E1CA8E3F660B}"
EndProject
Project("{FAE04EC0-301F-11D3-BF4B-00C04F79EFBC}") = "AdventOfCode.App.Solved", "AdventOfCode.App.Solved\AdventOfCode.App.Solved.csproj", "{E14E9F99-A244-46AA-9584-A6531973B0C3}"
EndProject
Global
	GlobalSection(SolutionConfigurationPlatforms) = preSolution
		Debug|Any CPU = Debug|Any CPU
		Release|Any CPU = Release|Any CPU
	EndGlobalSection
	GlobalSection(ProjectConfigurationPlatforms) = postSolution
		{B6A3B439-C39C-48C1-9457-16436A8A37A3}.Debug|Any CPU.ActiveCfg = Debug|Any CPU
		{B6A3B439-C39C-48C1-9457-16436A8A37A3}.Debug|Any CPU.Build.0 = Debug|Any CPU
		{B6A3B439-C39C-48C1-9457-16436A8A37A3}.Release|Any CPU.ActiveCfg = Release|Any CPU
		{B6A3B439-C39C-48C1-9457-16436A8A37A3}.Release|Any CPU.Build.0 = Release|Any CPU
		{65CB6A9C-DCFF-4064-BD33-38290DADA980}.Debug|Any CPU.ActiveCfg = Debug|Any CPU
		{65CB6A9C-DCFF-4064-BD33-38290DADA980}.Debug|Any CPU.Build.0 = Debug|Any CPU
		{65CB6A9C-DCFF-4064-BD33-38290DADA980}.Release|Any CPU.ActiveCfg = Release|Any CPU
		{65CB6A9C-DCFF-4064-BD33-38290DADA980}.Release|Any CPU.Build.0 = Release|Any CPU
		{E14E9F99-A244-46AA-9584-A6531973B0C3}.Debug|Any CPU.ActiveCfg = Debug|Any CPU
		{E14E9F99-A244-46AA-9584-A6531973B0C3}.Debug|Any CPU.Build.0 = Debug|Any CPU
		{E14E9F99-A244-46AA-9584-A6531973B0C3}.Release|Any CPU.ActiveCfg = Release|Any CPU
		{E14E9F99-A244-46AA-9584-A6531973B0C3}.Release|Any CPU.Build.0 = Release|Any CPU
	EndGlobalSection
	GlobalSection(SolutionProperties) = preSolution
		HideSolutionNode = FALSE
	EndGlobalSection
	GlobalSection(NestedProjects) = preSolution
		{E14E9F99-A244-46AA-9584-A6531973B0C3} = {1D18D5E9-818D-4087-95AC-E1CA8E3F660B}
	EndGlobalSection
	GlobalSection(ExtensibilityGlobals) = postSolution
		SolutionGuid = {736FBEBE-0E89-4A81-AF7A-3C061FB94FCA}
	EndGlobalSection
EndGlobal
